
Microsoft Visual Studio Solution File, Format Version 12.00
# Visual Studio Version 17
VisualStudioVersion = 17.8.34525.116
MinimumVisualStudioVersion = 10.0.40219.1
Project("{FAE04EC0-301F-11D3-BF4B-00C04F79EFBC}") = "Week13SQLiteDB", "Week13SQLiteDB\Week13SQLiteDB.csproj", "{F3648E62-1DF4-43E2-A812-3D9C0557831E}"
EndProject
Global
	GlobalSection(SolutionConfigurationPlatforms) = preSolution
		Debug|Any CPU = Debug|Any CPU
		Release|Any CPU = Release|Any CPU
	EndGlobalSection
	GlobalSection(ProjectConfigurationPlatforms) = postSolution
		{F3648E62-1DF4-43E2-A812-3D9C0557831E}.Debug|Any CPU.ActiveCfg = Debug|Any CPU
		{F3648E62-1DF4-43E2-A812-3D9C0557831E}.Debug|Any CPU.Build.0 = Debug|Any CPU
		{F3648E62-1DF4-43E2-A812-3D9C0557831E}.Release|Any CPU.ActiveCfg = Release|Any CPU
		{F3648E62-1DF4-43E2-A812-3D9C0557831E}.Release|Any CPU.Build.0 = Release|Any CPU
	EndGlobalSection
	GlobalSection(SolutionProperties) = preSolution
		HideSolutionNode = FALSE
	EndGlobalSection
	GlobalSection(ExtensibilityGlobals) = postSolution
		SolutionGuid = {873EBC42-CC31-4136-AF58-61BC1FD33CAF}
	EndGlobalSection
EndGlobal
